
Microsoft Visual Studio Solution File, Format Version 12.00
# Visual Studio Version 17
VisualStudioVersion = 17.10.35013.160
MinimumVisualStudioVersion = 10.0.40219.1
Project("{FAE04EC0-301F-11D3-BF4B-00C04F79EFBC}") = "Tourify-Frontend", "Tourify-Frontend\Tourify-Frontend.csproj", "{815FE86D-D814-49A5-B3C7-20C990BCFC67}"
EndProject
Global
	GlobalSection(SolutionConfigurationPlatforms) = preSolution
		Debug|Any CPU = Debug|Any CPU
		Release|Any CPU = Release|Any CPU
	EndGlobalSection
	GlobalSection(ProjectConfigurationPlatforms) = postSolution
		{815FE86D-D814-49A5-B3C7-20C990BCFC67}.Debug|Any CPU.ActiveCfg = Debug|Any CPU
		{815FE86D-D814-49A5-B3C7-20C990BCFC67}.Debug|Any CPU.Build.0 = Debug|Any CPU
		{815FE86D-D814-49A5-B3C7-20C990BCFC67}.Release|Any CPU.ActiveCfg = Release|Any CPU
		{815FE86D-D814-49A5-B3C7-20C990BCFC67}.Release|Any CPU.Build.0 = Release|Any CPU
	EndGlobalSection
	GlobalSection(SolutionProperties) = preSolution
		HideSolutionNode = FALSE
	EndGlobalSection
	GlobalSection(ExtensibilityGlobals) = postSolution
		SolutionGuid = {A539D6E4-48D7-4C70-B3F5-6462A8EDF991}
	EndGlobalSection
EndGlobal
