Microsoft Visual Studio Solution File, Format Version 12.00
# Visual Studio Version 17
VisualStudioVersion = 17.5.2.0
MinimumVisualStudioVersion = 10.0.40219.1
Project("{FAE04EC0-301F-11D3-BF4B-00C04F79EFBC}") = "Tourify-Frontend", "Tourify-Frontend.csproj", "{D3336A5E-84C6-4EAA-F5D7-166F20F3E7FA}"
EndProject
Global
	GlobalSection(SolutionConfigurationPlatforms) = preSolution
		Debug|Any CPU = Debug|Any CPU
		Release|Any CPU = Release|Any CPU
	EndGlobalSection
	GlobalSection(ProjectConfigurationPlatforms) = postSolution
		{D3336A5E-84C6-4EAA-F5D7-166F20F3E7FA}.Debug|Any CPU.ActiveCfg = Debug|Any CPU
		{D3336A5E-84C6-4EAA-F5D7-166F20F3E7FA}.Debug|Any CPU.Build.0 = Debug|Any CPU
		{D3336A5E-84C6-4EAA-F5D7-166F20F3E7FA}.Release|Any CPU.ActiveCfg = Release|Any CPU
		{D3336A5E-84C6-4EAA-F5D7-166F20F3E7FA}.Release|Any CPU.Build.0 = Release|Any CPU
	EndGlobalSection
	GlobalSection(SolutionProperties) = preSolution
		HideSolutionNode = FALSE
	EndGlobalSection
	GlobalSection(ExtensibilityGlobals) = postSolution
		SolutionGuid = {67CAF3CC-7C58-42E3-A0B0-BB158EC14D2F}
	EndGlobalSection
EndGlobal
